
Microsoft Visual Studio Solution File, Format Version 12.00
# Visual Studio Version 17
VisualStudioVersion = 17.5.33516.290
MinimumVisualStudioVersion = 10.0.40219.1
Project("{FAE04EC0-301F-11D3-BF4B-00C04F79EFBC}") = "DiaryProject", "DiaryProject\DiaryProject.csproj", "{604A38CA-E1B6-4872-B8BE-5976FE03CDF9}"
EndProject
Global
	GlobalSection(SolutionConfigurationPlatforms) = preSolution
		Debug|Any CPU = Debug|Any CPU
		Release|Any CPU = Release|Any CPU
	EndGlobalSection
	GlobalSection(ProjectConfigurationPlatforms) = postSolution
		{604A38CA-E1B6-4872-B8BE-5976FE03CDF9}.Debug|Any CPU.ActiveCfg = Debug|Any CPU
		{604A38CA-E1B6-4872-B8BE-5976FE03CDF9}.Debug|Any CPU.Build.0 = Debug|Any CPU
		{604A38CA-E1B6-4872-B8BE-5976FE03CDF9}.Release|Any CPU.ActiveCfg = Release|Any CPU
		{604A38CA-E1B6-4872-B8BE-5976FE03CDF9}.Release|Any CPU.Build.0 = Release|Any CPU
	EndGlobalSection
	GlobalSection(SolutionProperties) = preSolution
		HideSolutionNode = FALSE
	EndGlobalSection
	GlobalSection(ExtensibilityGlobals) = postSolution
		SolutionGuid = {51E3B928-0FE7-4612-A468-F5664B1611EA}
	EndGlobalSection
EndGlobal
